
Microsoft Visual Studio Solution File, Format Version 12.00
# Visual Studio Version 17
VisualStudioVersion = 17.11.35312.102
MinimumVisualStudioVersion = 10.0.40219.1
Project("{FAE04EC0-301F-11D3-BF4B-00C04F79EFBC}") = "DasWebApp", "DasWebApp\DasWebApp.csproj", "{C533CCB1-E710-4A9C-822A-B49E0C5D67C5}"
EndProject
Global
	GlobalSection(SolutionConfigurationPlatforms) = preSolution
		Debug|Any CPU = Debug|Any CPU
		Release|Any CPU = Release|Any CPU
	EndGlobalSection
	GlobalSection(ProjectConfigurationPlatforms) = postSolution
		{C533CCB1-E710-4A9C-822A-B49E0C5D67C5}.Debug|Any CPU.ActiveCfg = Debug|Any CPU
		{C533CCB1-E710-4A9C-822A-B49E0C5D67C5}.Debug|Any CPU.Build.0 = Debug|Any CPU
		{C533CCB1-E710-4A9C-822A-B49E0C5D67C5}.Release|Any CPU.ActiveCfg = Release|Any CPU
		{C533CCB1-E710-4A9C-822A-B49E0C5D67C5}.Release|Any CPU.Build.0 = Release|Any CPU
	EndGlobalSection
	GlobalSection(SolutionProperties) = preSolution
		HideSolutionNode = FALSE
	EndGlobalSection
	GlobalSection(ExtensibilityGlobals) = postSolution
		SolutionGuid = {538FBC5F-E8D0-43BF-8CCD-1C379450488C}
	EndGlobalSection
EndGlobal
